{
  "originHash" : "b0da907df924b535f13a946c1aa62eaf5da1a125f514191e45d2bc50dfac8c2f",
  "pins" : [
    {
      "identity" : "lefthook-plugin",
      "kind" : "remoteSourceControl",
      "location" : "https://github.com/csjones/lefthook-plugin.git",
      "state" : {
        "revision" : "89b44879d0b2275c38cfb1870e8b15d49e3f8904",
        "version" : "2.1.10"
      }
    },
    {
      "identity" : "swift-argument-parser",
      "kind" : "remoteSourceControl",
      "location" : "https://github.com/apple/swift-argument-parser.git",
      "state" : {
        "revision" : "6a52f3251125d74daf04fcbd5e6f08a75d074382",
        "version" : "1.8.2"
      }
    },
    {
      "identity" : "swift-docc-plugin",
      "kind" : "remoteSourceControl",
      "location" : "https://github.com/apple/swift-docc-plugin",
      "state" : {
        "revision" : "647c708be89f834fa6a6d4945442793a77ddf5b6",
        "version" : "1.5.0"
      }
    },
    {
      "identity" : "swift-docc-symbolkit",
      "kind" : "remoteSourceControl",
      "location" : "https://github.com/swiftlang/swift-docc-symbolkit",
      "state" : {
        "revision" : "b45d1f2ed151d057b54504d653e0da5552844e34",
        "version" : "1.0.0"
      }
    }
  ],
  "version" : 3
}
