{
  "originHash" : "f929abbe4ab5cf3505e14f6f7158349a986fcab3b472aba2daf8f0699aa97563",
  "pins" : [
    {
      "identity" : "lefthook-plugin",
      "kind" : "remoteSourceControl",
      "location" : "https://github.com/csjones/lefthook-plugin.git",
      "state" : {
        "revision" : "a3dc0b68649193c6417b7a16785658d06933507e",
        "version" : "2.1.12"
      }
    },
    {
      "identity" : "swift-argument-parser",
      "kind" : "remoteSourceControl",
      "location" : "https://github.com/apple/swift-argument-parser.git",
      "state" : {
        "revision" : "c5d11a805e765f52ba34ec7284bd4fcd6ba68615",
        "version" : "1.7.0"
      }
    },
    {
      "identity" : "swift-docc-plugin",
      "kind" : "remoteSourceControl",
      "location" : "https://github.com/apple/swift-docc-plugin",
      "state" : {
        "revision" : "647c708be89f834fa6a6d4945442793a77ddf5b6",
        "version" : "1.5.0"
      }
    },
    {
      "identity" : "swift-docc-symbolkit",
      "kind" : "remoteSourceControl",
      "location" : "https://github.com/swiftlang/swift-docc-symbolkit",
      "state" : {
        "revision" : "b45d1f2ed151d057b54504d653e0da5552844e34",
        "version" : "1.0.0"
      }
    }
  ],
  "version" : 3
}
